// !$*UTF8*$!
{
	archiveVersion = 1;
	classes = {
	};
	objectVersion = 56;
	objects = {

/* Begin PBXBuildFile section */
		530047CF2A6E1B0100461F82 /* Main.storyboard in Resources */ = {isa = PBXBuildFile; fileRef = 530047CD2A6E1B0100461F82 /* Main.storyboard */; };
		530047D12A6E1B0300461F82 /* Assets.xcassets in Resources */ = {isa = PBXBuildFile; fileRef = 530047D02A6E1B0300461F82 /* Assets.xcassets */; };
		530047D42A6E1B0300461F82 /* LaunchScreen.storyboard in Resources */ = {isa = PBXBuildFile; fileRef = 530047D22A6E1B0300461F82 /* LaunchScreen.storyboard */; };
		530047DF2A6E1B0300461F82 /* MoviesAppTests.swift in Sources */ = {isa = PBXBuildFile; fileRef = 530047DE2A6E1B0300461F82 /* MoviesAppTests.swift */; };
		530047E92A6E1B0300461F82 /* MoviesAppUITests.swift in Sources */ = {isa = PBXBuildFile; fileRef = 530047E82A6E1B0300461F82 /* MoviesAppUITests.swift */; };
		530047EB2A6E1B0300461F82 /* MoviesAppUITestsLaunchTests.swift in Sources */ = {isa = PBXBuildFile; fileRef = 530047EA2A6E1B0300461F82 /* MoviesAppUITestsLaunchTests.swift */; };
		5361DE742A6E2B9100E1A1F8 /* MovieModel.swift in Sources */ = {isa = PBXBuildFile; fileRef = 5361DE732A6E2B9100E1A1F8 /* MovieModel.swift */; };
		5361DE782A6E2BEC00E1A1F8 /* HomeViewController.swift in Sources */ = {isa = PBXBuildFile; fileRef = 5361DE772A6E2BEC00E1A1F8 /* HomeViewController.swift */; };
		5361DE7B2A6E2C3F00E1A1F8 /* HomeViewModel.swift in Sources */ = {isa = PBXBuildFile; fileRef = 5361DE7A2A6E2C3F00E1A1F8 /* HomeViewModel.swift */; };
		5361DE7E2A6E2C8800E1A1F8 /* MovieApiManager.swift in Sources */ = {isa = PBXBuildFile; fileRef = 5361DE7D2A6E2C8800E1A1F8 /* MovieApiManager.swift */; };
		5376982C2A75B88D00F5F03D /* HomeTableViewCell.swift in Sources */ = {isa = PBXBuildFile; fileRef = 5376982A2A75B88D00F5F03D /* HomeTableViewCell.swift */; };
		5376982D2A75B88D00F5F03D /* HomeTableViewCell.xib in Resources */ = {isa = PBXBuildFile; fileRef = 5376982B2A75B88D00F5F03D /* HomeTableViewCell.xib */; };
		537698302A75B8D900F5F03D /* HomeCollectionViewCell.swift in Sources */ = {isa = PBXBuildFile; fileRef = 5376982E2A75B8D900F5F03D /* HomeCollectionViewCell.swift */; };
		537698312A75B8D900F5F03D /* HomeCollectionViewCell.xib in Resources */ = {isa = PBXBuildFile; fileRef = 5376982F2A75B8D900F5F03D /* HomeCollectionViewCell.xib */; };
		537698342A75BB8300F5F03D /* AppDelegate.swift in Sources */ = {isa = PBXBuildFile; fileRef = 537698322A75BB8300F5F03D /* AppDelegate.swift */; };
		537698352A75BB8300F5F03D /* SceneDelegate.swift in Sources */ = {isa = PBXBuildFile; fileRef = 537698332A75BB8300F5F03D /* SceneDelegate.swift */; };
/* End PBXBuildFile section */

/* Begin PBXContainerItemProxy section */
		530047DB2A6E1B0300461F82 /* PBXContainerItemProxy */ = {
			isa = PBXContainerItemProxy;
			containerPortal = 530047BC2A6E1B0100461F82 /* Project object */;
			proxyType = 1;
			remoteGlobalIDString = 530047C32A6E1B0100461F82;
			remoteInfo = MoviesApp;
		};
		530047E52A6E1B0300461F82 /* PBXContainerItemProxy */ = {
			isa = PBXContainerItemProxy;
			containerPortal = 530047BC2A6E1B0100461F82 /* Project object */;
			proxyType = 1;
			remoteGlobalIDString = 530047C32A6E1B0100461F82;
			remoteInfo = MoviesApp;
		};
/* End PBXContainerItemProxy section */

/* Begin PBXFileReference section */
		530047C42A6E1B0100461F82 /* MoviesApp.app */ = {isa = PBXFileReference; explicitFileType = wrapper.application; includeInIndex = 0; path = MoviesApp.app; sourceTree = BUILT_PRODUCTS_DIR; };
		530047CE2A6E1B0100461F82 /* Base */ = {isa = PBXFileReference; lastKnownFileType = file.storyboard; name = Base; path = Base.lproj/Main.storyboard; sourceTree = "<group>"; };
		530047D02A6E1B0300461F82 /* Assets.xcassets */ = {isa = PBXFileReference; lastKnownFileType = folder.assetcatalog; path = Assets.xcassets; sourceTree = "<group>"; };
		530047D32A6E1B0300461F82 /* Base */ = {isa = PBXFileReference; lastKnownFileType = file.storyboard; name = Base; path = Base.lproj/LaunchScreen.storyboard; sourceTree = "<group>"; };
		530047D52A6E1B0300461F82 /* Info.plist */ = {isa = PBXFileReference; lastKnownFileType = text.plist.xml; path = Info.plist; sourceTree = "<group>"; };
		530047DA2A6E1B0300461F82 /* MoviesAppTests.xctest */ = {isa = PBXFileReference; explicitFileType = wrapper.cfbundle; includeInIndex = 0; path = MoviesAppTests.xctest; sourceTree = BUILT_PRODUCTS_DIR; };
		530047DE2A6E1B0300461F82 /* MoviesAppTests.swift */ = {isa = PBXFileReference; lastKnownFileType = sourcecode.swift; path = MoviesAppTests.swift; sourceTree = "<group>"; };
		530047E42A6E1B0300461F82 /* MoviesAppUITests.xctest */ = {isa = PBXFileReference; explicitFileType = wrapper.cfbundle; includeInIndex = 0; path = MoviesAppUITests.xctest; sourceTree = BUILT_PRODUCTS_DIR; };
		530047E82A6E1B0300461F82 /* MoviesAppUITests.swift */ = {isa = PBXFileReference; lastKnownFileType = sourcecode.swift; path = MoviesAppUITests.swift; sourceTree = "<group>"; };
		530047EA2A6E1B0300461F82 /* MoviesAppUITestsLaunchTests.swift */ = {isa = PBXFileReference; lastKnownFileType = sourcecode.swift; path = MoviesAppUITestsLaunchTests.swift; sourceTree = "<group>"; };
		5361DE732A6E2B9100E1A1F8 /* MovieModel.swift */ = {isa = PBXFileReference; lastKnownFileType = sourcecode.swift; path = MovieModel.swift; sourceTree = "<group>"; };
		5361DE772A6E2BEC00E1A1F8 /* HomeViewController.swift */ = {isa = PBXFileReference; lastKnownFileType = sourcecode.swift; path = HomeViewController.swift; sourceTree = "<group>"; };
		5361DE7A2A6E2C3F00E1A1F8 /* HomeViewModel.swift */ = {isa = PBXFileReference; lastKnownFileType = sourcecode.swift; path = HomeViewModel.swift; sourceTree = "<group>"; };
		5361DE7D2A6E2C8800E1A1F8 /* MovieApiManager.swift */ = {isa = PBXFileReference; lastKnownFileType = sourcecode.swift; path = MovieApiManager.swift; sourceTree = "<group>"; };
		5376982A2A75B88D00F5F03D /* HomeTableViewCell.swift */ = {isa = PBXFileReference; lastKnownFileType = sourcecode.swift; path = HomeTableViewCell.swift; sourceTree = "<group>"; };
		5376982B2A75B88D00F5F03D /* HomeTableViewCell.xib */ = {isa = PBXFileReference; lastKnownFileType = file.xib; path = HomeTableViewCell.xib; sourceTree = "<group>"; };
		5376982E2A75B8D900F5F03D /* HomeCollectionViewCell.swift */ = {isa = PBXFileReference; lastKnownFileType = sourcecode.swift; path = HomeCollectionViewCell.swift; sourceTree = "<group>"; };
		5376982F2A75B8D900F5F03D /* HomeCollectionViewCell.xib */ = {isa = PBXFileReference; lastKnownFileType = file.xib; path = HomeCollectionViewCell.xib; sourceTree = "<group>"; };
		537698322A75BB8300F5F03D /* AppDelegate.swift */ = {isa = PBXFileReference; fileEncoding = 4; lastKnownFileType = sourcecode.swift; path = AppDelegate.swift; sourceTree = "<group>"; };
		537698332A75BB8300F5F03D /* SceneDelegate.swift */ = {isa = PBXFileReference; fileEncoding = 4; lastKnownFileType = sourcecode.swift; path = SceneDelegate.swift; sourceTree = "<group>"; };
/* End PBXFileReference section */

/* Begin PBXFrameworksBuildPhase section */
		530047C12A6E1B0100461F82 /* Frameworks */ = {
			isa = PBXFrameworksBuildPhase;
			buildActionMask = 2147483647;
			files = (
			);
			runOnlyForDeploymentPostprocessing = 0;
		};
		530047D72A6E1B0300461F82 /* Frameworks */ = {
			isa = PBXFrameworksBuildPhase;
			buildActionMask = 2147483647;
			files = (
			);
			runOnlyForDeploymentPostprocessing = 0;
		};
		530047E12A6E1B0300461F82 /* Frameworks */ = {
			isa = PBXFrameworksBuildPhase;
			buildActionMask = 2147483647;
			files = (
			);
			runOnlyForDeploymentPostprocessing = 0;
		};
/* End PBXFrameworksBuildPhase section */

/* Begin PBXGroup section */
		530047BB2A6E1B0100461F82 = {
			isa = PBXGroup;
			children = (
				530047C62A6E1B0100461F82 /* MoviesApp */,
				530047DD2A6E1B0300461F82 /* MoviesAppTests */,
				530047E72A6E1B0300461F82 /* MoviesAppUITests */,
				530047C52A6E1B0100461F82 /* Products */,
			);
			sourceTree = "<group>";
		};
		530047C52A6E1B0100461F82 /* Products */ = {
			isa = PBXGroup;
			children = (
				530047C42A6E1B0100461F82 /* MoviesApp.app */,
				530047DA2A6E1B0300461F82 /* MoviesAppTests.xctest */,
				530047E42A6E1B0300461F82 /* MoviesAppUITests.xctest */,
			);
			name = Products;
			sourceTree = "<group>";
		};
		530047C62A6E1B0100461F82 /* MoviesApp */ = {
			isa = PBXGroup;
			children = (
				5361DE712A6E2B5D00E1A1F8 /* Home */,
				5361DE7C2A6E2C6E00E1A1F8 /* Network Layer */,
				537698322A75BB8300F5F03D /* AppDelegate.swift */,
				537698332A75BB8300F5F03D /* SceneDelegate.swift */,
				530047CD2A6E1B0100461F82 /* Main.storyboard */,
				530047D02A6E1B0300461F82 /* Assets.xcassets */,
				530047D22A6E1B0300461F82 /* LaunchScreen.storyboard */,
				530047D52A6E1B0300461F82 /* Info.plist */,
			);
			path = MoviesApp;
			sourceTree = "<group>";
		};
		530047DD2A6E1B0300461F82 /* MoviesAppTests */ = {
			isa = PBXGroup;
			children = (
				530047DE2A6E1B0300461F82 /* MoviesAppTests.swift */,
			);
			path = MoviesAppTests;
			sourceTree = "<group>";
		};
		530047E72A6E1B0300461F82 /* MoviesAppUITests */ = {
			isa = PBXGroup;
			children = (
				530047E82A6E1B0300461F82 /* MoviesAppUITests.swift */,
				530047EA2A6E1B0300461F82 /* MoviesAppUITestsLaunchTests.swift */,
			);
			path = MoviesAppUITests;
			sourceTree = "<group>";
		};
		5361DE712A6E2B5D00E1A1F8 /* Home */ = {
			isa = PBXGroup;
			children = (
				5361DE722A6E2B7100E1A1F8 /* Models */,
				5361DE752A6E2BC400E1A1F8 /* Views */,
				5361DE792A6E2C2500E1A1F8 /* ViewModel */,
			);
			path = Home;
			sourceTree = "<group>";
		};
		5361DE722A6E2B7100E1A1F8 /* Models */ = {
			isa = PBXGroup;
			children = (
				5361DE732A6E2B9100E1A1F8 /* MovieModel.swift */,
			);
			path = Models;
			sourceTree = "<group>";
		};
		5361DE752A6E2BC400E1A1F8 /* Views */ = {
			isa = PBXGroup;
			children = (
				5361DE772A6E2BEC00E1A1F8 /* HomeViewController.swift */,
				5361DE762A6E2BCF00E1A1F8 /* CustomView */,
			);
			path = Views;
			sourceTree = "<group>";
		};
		5361DE762A6E2BCF00E1A1F8 /* CustomView */ = {
			isa = PBXGroup;
			children = (
				5376982A2A75B88D00F5F03D /* HomeTableViewCell.swift */,
				5376982B2A75B88D00F5F03D /* HomeTableViewCell.xib */,
				5376982E2A75B8D900F5F03D /* HomeCollectionViewCell.swift */,
				5376982F2A75B8D900F5F03D /* HomeCollectionViewCell.xib */,
			);
			path = CustomView;
			sourceTree = "<group>";
		};
		5361DE792A6E2C2500E1A1F8 /* ViewModel */ = {
			isa = PBXGroup;
			children = (
				5361DE7A2A6E2C3F00E1A1F8 /* HomeViewModel.swift */,
			);
			path = ViewModel;
			sourceTree = "<group>";
		};
		5361DE7C2A6E2C6E00E1A1F8 /* Network Layer */ = {
			isa = PBXGroup;
			children = (
				5361DE7D2A6E2C8800E1A1F8 /* MovieApiManager.swift */,
			);
			path = "Network Layer";
			sourceTree = "<group>";
		};
/* End PBXGroup section */

/* Begin PBXNativeTarget section */
		530047C32A6E1B0100461F82 /* MoviesApp */ = {
			isa = PBXNativeTarget;
			buildConfigurationList = 530047EE2A6E1B0300461F82 /* Build configuration list for PBXNativeTarget "MoviesApp" */;
			buildPhases = (
				530047C02A6E1B0100461F82 /* Sources */,
				530047C12A6E1B0100461F82 /* Frameworks */,
				530047C22A6E1B0100461F82 /* Resources */,
			);
			buildRules = (
			);
			dependencies = (
			);
			name = MoviesApp;
			productName = MoviesApp;
			productReference = 530047C42A6E1B0100461F82 /* MoviesApp.app */;
			productType = "com.apple.product-type.application";
		};
		530047D92A6E1B0300461F82 /* MoviesAppTests */ = {
			isa = PBXNativeTarget;
			buildConfigurationList = 530047F12A6E1B0300461F82 /* Build configuration list for PBXNativeTarget "MoviesAppTests" */;
			buildPhases = (
				530047D62A6E1B0300461F82 /* Sources */,
				530047D72A6E1B0300461F82 /* Frameworks */,
				530047D82A6E1B0300461F82 /* Resources */,
			);
			buildRules = (
			);
			dependencies = (
				530047DC2A6E1B0300461F82 /* PBXTargetDependency */,
			);
			name = MoviesAppTests;
			productName = MoviesAppTests;
			productReference = 530047DA2A6E1B0300461F82 /* MoviesAppTests.xctest */;
			productType = "com.apple.product-type.bundle.unit-test";
		};
		530047E32A6E1B0300461F82 /* MoviesAppUITests */ = {
			isa = PBXNativeTarget;
			buildConfigurationList = 530047F42A6E1B0300461F82 /* Build configuration list for PBXNativeTarget "MoviesAppUITests" */;
			buildPhases = (
				530047E02A6E1B0300461F82 /* Sources */,
				530047E12A6E1B0300461F82 /* Frameworks */,
				530047E22A6E1B0300461F82 /* Resources */,
			);
			buildRules = (
			);
			dependencies = (
				530047E62A6E1B0300461F82 /* PBXTargetDependency */,
			);
			name = MoviesAppUITests;
			productName = MoviesAppUITests;
			productReference = 530047E42A6E1B0300461F82 /* MoviesAppUITests.xctest */;
			productType = "com.apple.product-type.bundle.ui-testing";
		};
/* End PBXNativeTarget section */

/* Begin PBXProject section */
		530047BC2A6E1B0100461F82 /* Project object */ = {
			isa = PBXProject;
			attributes = {
				BuildIndependentTargetsInParallel = 1;
				LastSwiftUpdateCheck = 1430;
				LastUpgradeCheck = 1430;
				TargetAttributes = {
					530047C32A6E1B0100461F82 = {
						CreatedOnToolsVersion = 14.3.1;
					};
					530047D92A6E1B0300461F82 = {
						CreatedOnToolsVersion = 14.3.1;
						TestTargetID = 530047C32A6E1B0100461F82;
					};
					530047E32A6E1B0300461F82 = {
						CreatedOnToolsVersion = 14.3.1;
						TestTargetID = 530047C32A6E1B0100461F82;
					};
				};
			};
			buildConfigurationList = 530047BF2A6E1B0100461F82 /* Build configuration list for PBXProject "MoviesApp" */;
			compatibilityVersion = "Xcode 14.0";
			developmentRegion = en;
			hasScannedForEncodings = 0;
			knownRegions = (
				en,
				Base,
			);
			mainGroup = 530047BB2A6E1B0100461F82;
			productRefGroup = 530047C52A6E1B0100461F82 /* Products */;
			projectDirPath = "";
			projectRoot = "";
			targets = (
				530047C32A6E1B0100461F82 /* MoviesApp */,
				530047D92A6E1B0300461F82 /* MoviesAppTests */,
				530047E32A6E1B0300461F82 /* MoviesAppUITests */,
			);
		};
/* End PBXProject section */

/* Begin PBXResourcesBuildPhase section */
		530047C22A6E1B0100461F82 /* Resources */ = {
			isa = PBXResourcesBuildPhase;
			buildActionMask = 2147483647;
			files = (
				537698312A75B8D900F5F03D /* HomeCollectionViewCell.xib in Resources */,
				530047D42A6E1B0300461F82 /* LaunchScreen.storyboard in Resources */,
				530047D12A6E1B0300461F82 /* Assets.xcassets in Resources */,
				5376982D2A75B88D00F5F03D /* HomeTableViewCell.xib in Resources */,
				530047CF2A6E1B0100461F82 /* Main.storyboard in Resources */,
			);
			runOnlyForDeploymentPostprocessing = 0;
		};
		530047D82A6E1B0300461F82 /* Resources */ = {
			isa = PBXResourcesBuildPhase;
			buildActionMask = 2147483647;
			files = (
			);
			runOnlyForDeploymentPostprocessing = 0;
		};
		530047E22A6E1B0300461F82 /* Resources */ = {
			isa = PBXResourcesBuildPhase;
			buildActionMask = 2147483647;
			files = (
			);
			runOnlyForDeploymentPostprocessing = 0;
		};
/* End PBXResourcesBuildPhase section */

/* Begin PBXSourcesBuildPhase section */
		530047C02A6E1B0100461F82 /* Sources */ = {
			isa = PBXSourcesBuildPhase;
			buildActionMask = 2147483647;
			files = (
				5361DE782A6E2BEC00E1A1F8 /* HomeViewController.swift in Sources */,
				5376982C2A75B88D00F5F03D /* HomeTableViewCell.swift in Sources */,
				5361DE7B2A6E2C3F00E1A1F8 /* HomeViewModel.swift in Sources */,
				5361DE742A6E2B9100E1A1F8 /* MovieModel.swift in Sources */,
				537698342A75BB8300F5F03D /* AppDelegate.swift in Sources */,
				5361DE7E2A6E2C8800E1A1F8 /* MovieApiManager.swift in Sources */,
				537698302A75B8D900F5F03D /* HomeCollectionViewCell.swift in Sources */,
				537698352A75BB8300F5F03D /* SceneDelegate.swift in Sources */,
			);
			runOnlyForDeploymentPostprocessing = 0;
		};
		530047D62A6E1B0300461F82 /* Sources */ = {
			isa = PBXSourcesBuildPhase;
			buildActionMask = 2147483647;
			files = (
				530047DF2A6E1B0300461F82 /* MoviesAppTests.swift in Sources */,
			);
			runOnlyForDeploymentPostprocessing = 0;
		};
		530047E02A6E1B0300461F82 /* Sources */ = {
			isa = PBXSourcesBuildPhase;
			buildActionMask = 2147483647;
			files = (
				530047E92A6E1B0300461F82 /* MoviesAppUITests.swift in Sources */,
				530047EB2A6E1B0300461F82 /* MoviesAppUITestsLaunchTests.swift in Sources */,
			);
			runOnlyForDeploymentPostprocessing = 0;
		};
/* End PBXSourcesBuildPhase section */

/* Begin PBXTargetDependency section */
		530047DC2A6E1B0300461F82 /* PBXTargetDependency */ = {
			isa = PBXTargetDependency;
			target = 530047C32A6E1B0100461F82 /* MoviesApp */;
			targetProxy = 530047DB2A6E1B0300461F82 /* PBXContainerItemProxy */;
		};
		530047E62A6E1B0300461F82 /* PBXTargetDependency */ = {
			isa = PBXTargetDependency;
			target = 530047C32A6E1B0100461F82 /* MoviesApp */;
			targetProxy = 530047E52A6E1B0300461F82 /* PBXContainerItemProxy */;
		};
/* End PBXTargetDependency section */

/* Begin PBXVariantGroup section */
		530047CD2A6E1B0100461F82 /* Main.storyboard */ = {
			isa = PBXVariantGroup;
			children = (
				530047CE2A6E1B0100461F82 /* Base */,
			);
			name = Main.storyboard;
			sourceTree = "<group>";
		};
		530047D22A6E1B0300461F82 /* LaunchScreen.storyboard */ = {
			isa = PBXVariantGroup;
			children = (
				530047D32A6E1B0300461F82 /* Base */,
			);
			name = LaunchScreen.storyboard;
			sourceTree = "<group>";
		};
/* End PBXVariantGroup section */

/* Begin XCBuildConfiguration section */
		530047EC2A6E1B0300461F82 /* Debug */ = {
			isa = XCBuildConfiguration;
			buildSettings = {
				ALWAYS_SEARCH_USER_PATHS = NO;
				CLANG_ANALYZER_NONNULL = YES;
				CLANG_ANALYZER_NUMBER_OBJECT_CONVERSION = YES_AGGRESSIVE;
				CLANG_CXX_LANGUAGE_STANDARD = "gnu++20";
				CLANG_ENABLE_MODULES = YES;
				CLANG_ENABLE_OBJC_ARC = YES;
				CLANG_ENABLE_OBJC_WEAK = YES;
				CLANG_WARN_BLOCK_CAPTURE_AUTORELEASING = YES;
				CLANG_WARN_BOOL_CONVERSION = YES;
				CLANG_WARN_COMMA = YES;
				CLANG_WARN_CONSTANT_CONVERSION = YES;
				CLANG_WARN_DEPRECATED_OBJC_IMPLEMENTATIONS = YES;
				CLANG_WARN_DIRECT_OBJC_ISA_USAGE = YES_ERROR;
				CLANG_WARN_DOCUMENTATION_COMMENTS = YES;
				CLANG_WARN_EMPTY_BODY = YES;
				CLANG_WARN_ENUM_CONVERSION = YES;
				CLANG_WARN_INFINITE_RECURSION = YES;
				CLANG_WARN_INT_CONVERSION = YES;
				CLANG_WARN_NON_LITERAL_NULL_CONVERSION = YES;
				CLANG_WARN_OBJC_IMPLICIT_RETAIN_SELF = YES;
				CLANG_WARN_OBJC_LITERAL_CONVERSION = YES;
				CLANG_WARN_OBJC_ROOT_CLASS = YES_ERROR;
				CLANG_WARN_QUOTED_INCLUDE_IN_FRAMEWORK_HEADER = YES;
				CLANG_WARN_RANGE_LOOP_ANALYSIS = YES;
				CLANG_WARN_STRICT_PROTOTYPES = YES;
				CLANG_WARN_SUSPICIOUS_MOVE = YES;
				CLANG_WARN_UNGUARDED_AVAILABILITY = YES_AGGRESSIVE;
				CLANG_WARN_UNREACHABLE_CODE = YES;
				CLANG_WARN__DUPLICATE_METHOD_MATCH = YES;
				COPY_PHASE_STRIP = NO;
				DEBUG_INFORMATION_FORMAT = dwarf;
				ENABLE_STRICT_OBJC_MSGSEND = YES;
				ENABLE_TESTABILITY = YES;
				GCC_C_LANGUAGE_STANDARD = gnu11;
				GCC_DYNAMIC_NO_PIC = NO;
				GCC_NO_COMMON_BLOCKS = YES;
				GCC_OPTIMIZATION_LEVEL = 0;
				GCC_PREPROCESSOR_DEFINITIONS = (
					"DEBUG=1",
					"$(inherited)",
				);
				GCC_WARN_64_TO_32_BIT_CONVERSION = YES;
				GCC_WARN_ABOUT_RETURN_TYPE = YES_ERROR;
				GCC_WARN_UNDECLARED_SELECTOR = YES;
				GCC_WARN_UNINITIALIZED_AUTOS = YES_AGGRESSIVE;
				GCC_WARN_UNUSED_FUNCTION = YES;
				GCC_WARN_UNUSED_VARIABLE = YES;
				IPHONEOS_DEPLOYMENT_TARGET = 16.4;
				MTL_ENABLE_DEBUG_INFO = INCLUDE_SOURCE;
				MTL_FAST_MATH = YES;
				ONLY_ACTIVE_ARCH = YES;
				SDKROOT = iphoneos;
				SWIFT_ACTIVE_COMPILATION_CONDITIONS = DEBUG;
				SWIFT_OPTIMIZATION_LEVEL = "-Onone";
			};
			name = Debug;
		};
		530047ED2A6E1B0300461F82 /* Release */ = {
			isa = XCBuildConfiguration;
			buildSettings = {
				ALWAYS_SEARCH_USER_PATHS = NO;
				CLANG_ANALYZER_NONNULL = YES;
				CLANG_ANALYZER_NUMBER_OBJECT_CONVERSION = YES_AGGRESSIVE;
				CLANG_CXX_LANGUAGE_STANDARD = "gnu++20";
				CLANG_ENABLE_MODULES = YES;
				CLANG_ENABLE_OBJC_ARC = YES;
				CLANG_ENABLE_OBJC_WEAK = YES;
				CLANG_WARN_BLOCK_CAPTURE_AUTORELEASING = YES;
				CLANG_WARN_BOOL_CONVERSION = YES;
				CLANG_WARN_COMMA = YES;
				CLANG_WARN_CONSTANT_CONVERSION = YES;
				CLANG_WARN_DEPRECATED_OBJC_IMPLEMENTATIONS = YES;
				CLANG_WARN_DIRECT_OBJC_ISA_USAGE = YES_ERROR;
				CLANG_WARN_DOCUMENTATION_COMMENTS = YES;
				CLANG_WARN_EMPTY_BODY = YES;
				CLANG_WARN_ENUM_CONVERSION = YES;
				CLANG_WARN_INFINITE_RECURSION = YES;
				CLANG_WARN_INT_CONVERSION = YES;
				CLANG_WARN_NON_LITERAL_NULL_CONVERSION = YES;
				CLANG_WARN_OBJC_IMPLICIT_RETAIN_SELF = YES;
				CLANG_WARN_OBJC_LITERAL_CONVERSION = YES;
				CLANG_WARN_OBJC_ROOT_CLASS = YES_ERROR;
				CLANG_WARN_QUOTED_INCLUDE_IN_FRAMEWORK_HEADER = YES;
				CLANG_WARN_RANGE_LOOP_ANALYSIS = YES;
				CLANG_WARN_STRICT_PROTOTYPES = YES;
				CLANG_WARN_SUSPICIOUS_MOVE = YES;
				CLANG_WARN_UNGUARDED_AVAILABILITY = YES_AGGRESSIVE;
				CLANG_WARN_UNREACHABLE_CODE = YES;
				CLANG_WARN__DUPLICATE_METHOD_MATCH = YES;
				COPY_PHASE_STRIP = NO;
				DEBUG_INFORMATION_FORMAT = "dwarf-with-dsym";
				ENABLE_NS_ASSERTIONS = NO;
				ENABLE_STRICT_OBJC_MSGSEND = YES;
				GCC_C_LANGUAGE_STANDARD = gnu11;
				GCC_NO_COMMON_BLOCKS = YES;
				GCC_WARN_64_TO_32_BIT_CONVERSION = YES;
				GCC_WARN_ABOUT_RETURN_TYPE = YES_ERROR;
				GCC_WARN_UNDECLARED_SELECTOR = YES;
				GCC_WARN_UNINITIALIZED_AUTOS = YES_AGGRESSIVE;
				GCC_WARN_UNUSED_FUNCTION = YES;
				GCC_WARN_UNUSED_VARIABLE = YES;
				IPHONEOS_DEPLOYMENT_TARGET = 16.4;
				MTL_ENABLE_DEBUG_INFO = NO;
				MTL_FAST_MATH = YES;
				SDKROOT = iphoneos;
				SWIFT_COMPILATION_MODE = wholemodule;
				SWIFT_OPTIMIZATION_LEVEL = "-O";
				VALIDATE_PRODUCT = YES;
			};
			name = Release;
		};
		530047EF2A6E1B0300461F82 /* Debug */ = {
			isa = XCBuildConfiguration;
			buildSettings = {
				ASSETCATALOG_COMPILER_APPICON_NAME = AppIcon;
				ASSETCATALOG_COMPILER_GLOBAL_ACCENT_COLOR_NAME = AccentColor;
				CODE_SIGN_STYLE = Automatic;
				CURRENT_PROJECT_VERSION = 1;
				GENERATE_INFOPLIST_FILE = YES;
				INFOPLIST_FILE = MoviesApp/Info.plist;
				INFOPLIST_KEY_UIApplicationSupportsIndirectInputEvents = YES;
				INFOPLIST_KEY_UILaunchStoryboardName = LaunchScreen;
				INFOPLIST_KEY_UIMainStoryboardFile = Main;
				INFOPLIST_KEY_UISupportedInterfaceOrientations_iPad = "UIInterfaceOrientationPortrait UIInterfaceOrientationPortraitUpsideDown UIInterfaceOrientationLandscapeLeft UIInterfaceOrientationLandscapeRight";
				INFOPLIST_KEY_UISupportedInterfaceOrientations_iPhone = "UIInterfaceOrientationPortrait UIInterfaceOrientationLandscapeLeft UIInterfaceOrientationLandscapeRight";
				LD_RUNPATH_SEARCH_PATHS = (
					"$(inherited)",
					"@executable_path/Frameworks",
				);
				MARKETING_VERSION = 1.0;
				PRODUCT_BUNDLE_IDENTIFIER = com.sakshi.MoviesApp;
				PRODUCT_NAME = "$(TARGET_NAME)";
				SWIFT_EMIT_LOC_STRINGS = YES;
				SWIFT_VERSION = 5.0;
				TARGETED_DEVICE_FAMILY = "1,2";
			};
			name = Debug;
		};
		530047F02A6E1B0300461F82 /* Release */ = {
			isa = XCBuildConfiguration;
			buildSettings = {
				ASSETCATALOG_COMPILER_APPICON_NAME = AppIcon;
				ASSETCATALOG_COMPILER_GLOBAL_ACCENT_COLOR_NAME = AccentColor;
				CODE_SIGN_STYLE = Automatic;
				CURRENT_PROJECT_VERSION = 1;
				GENERATE_INFOPLIST_FILE = YES;
				INFOPLIST_FILE = MoviesApp/Info.plist;
				INFOPLIST_KEY_UIApplicationSupportsIndirectInputEvents = YES;
				INFOPLIST_KEY_UILaunchStoryboardName = LaunchScreen;
				INFOPLIST_KEY_UIMainStoryboardFile = Main;
				INFOPLIST_KEY_UISupportedInterfaceOrientations_iPad = "UIInterfaceOrientationPortrait UIInterfaceOrientationPortraitUpsideDown UIInterfaceOrientationLandscapeLeft UIInterfaceOrientationLandscapeRight";
				INFOPLIST_KEY_UISupportedInterfaceOrientations_iPhone = "UIInterfaceOrientationPortrait UIInterfaceOrientationLandscapeLeft UIInterfaceOrientationLandscapeRight";
				LD_RUNPATH_SEARCH_PATHS = (
					"$(inherited)",
					"@executable_path/Frameworks",
				);
				MARKETING_VERSION = 1.0;
				PRODUCT_BUNDLE_IDENTIFIER = com.sakshi.MoviesApp;
				PRODUCT_NAME = "$(TARGET_NAME)";
				SWIFT_EMIT_LOC_STRINGS = YES;
				SWIFT_VERSION = 5.0;
				TARGETED_DEVICE_FAMILY = "1,2";
			};
			name = Release;
		};
		530047F22A6E1B0300461F82 /* Debug */ = {
			isa = XCBuildConfiguration;
			buildSettings = {
				ALWAYS_EMBED_SWIFT_STANDARD_LIBRARIES = YES;
				BUNDLE_LOADER = "$(TEST_HOST)";
				CODE_SIGN_STYLE = Automatic;
				CURRENT_PROJECT_VERSION = 1;
				GENERATE_INFOPLIST_FILE = YES;
				IPHONEOS_DEPLOYMENT_TARGET = 16.4;
				MARKETING_VERSION = 1.0;
				PRODUCT_BUNDLE_IDENTIFIER = com.sakshi.MoviesAppTests;
				PRODUCT_NAME = "$(TARGET_NAME)";
				SWIFT_EMIT_LOC_STRINGS = NO;
				SWIFT_VERSION = 5.0;
				TARGETED_DEVICE_FAMILY = "1,2";
				TEST_HOST = "$(BUILT_PRODUCTS_DIR)/MoviesApp.app/$(BUNDLE_EXECUTABLE_FOLDER_PATH)/MoviesApp";
			};
			name = Debug;
		};
		530047F32A6E1B0300461F82 /* Release */ = {
			isa = XCBuildConfiguration;
			buildSettings = {
				ALWAYS_EMBED_SWIFT_STANDARD_LIBRARIES = YES;
				BUNDLE_LOADER = "$(TEST_HOST)";
				CODE_SIGN_STYLE = Automatic;
				CURRENT_PROJECT_VERSION = 1;
				GENERATE_INFOPLIST_FILE = YES;
				IPHONEOS_DEPLOYMENT_TARGET = 16.4;
				MARKETING_VERSION = 1.0;
				PRODUCT_BUNDLE_IDENTIFIER = com.sakshi.MoviesAppTests;
				PRODUCT_NAME = "$(TARGET_NAME)";
				SWIFT_EMIT_LOC_STRINGS = NO;
				SWIFT_VERSION = 5.0;
				TARGETED_DEVICE_FAMILY = "1,2";
				TEST_HOST = "$(BUILT_PRODUCTS_DIR)/MoviesApp.app/$(BUNDLE_EXECUTABLE_FOLDER_PATH)/MoviesApp";
			};
			name = Release;
		};
		530047F52A6E1B0300461F82 /* Debug */ = {
			isa = XCBuildConfiguration;
			buildSettings = {
				ALWAYS_EMBED_SWIFT_STANDARD_LIBRARIES = YES;
				CODE_SIGN_STYLE = Automatic;
				CURRENT_PROJECT_VERSION = 1;
				GENERATE_INFOPLIST_FILE = YES;
				MARKETING_VERSION = 1.0;
				PRODUCT_BUNDLE_IDENTIFIER = com.sakshi.MoviesAppUITests;
				PRODUCT_NAME = "$(TARGET_NAME)";
				SWIFT_EMIT_LOC_STRINGS = NO;
				SWIFT_VERSION = 5.0;
				TARGETED_DEVICE_FAMILY = "1,2";
				TEST_TARGET_NAME = MoviesApp;
			};
			name = Debug;
		};
		530047F62A6E1B0300461F82 /* Release */ = {
			isa = XCBuildConfiguration;
			buildSettings = {
				ALWAYS_EMBED_SWIFT_STANDARD_LIBRARIES = YES;
				CODE_SIGN_STYLE = Automatic;
				CURRENT_PROJECT_VERSION = 1;
				GENERATE_INFOPLIST_FILE = YES;
				MARKETING_VERSION = 1.0;
				PRODUCT_BUNDLE_IDENTIFIER = com.sakshi.MoviesAppUITests;
				PRODUCT_NAME = "$(TARGET_NAME)";
				SWIFT_EMIT_LOC_STRINGS = NO;
				SWIFT_VERSION = 5.0;
				TARGETED_DEVICE_FAMILY = "1,2";
				TEST_TARGET_NAME = MoviesApp;
			};
			name = Release;
		};
/* End XCBuildConfiguration section */

/* Begin XCConfigurationList section */
		530047BF2A6E1B0100461F82 /* Build configuration list for PBXProject "MoviesApp" */ = {
			isa = XCConfigurationList;
			buildConfigurations = (
				530047EC2A6E1B0300461F82 /* Debug */,
				530047ED2A6E1B0300461F82 /* Release */,
			);
			defaultConfigurationIsVisible = 0;
			defaultConfigurationName = Release;
		};
		530047EE2A6E1B0300461F82 /* Build configuration list for PBXNativeTarget "MoviesApp" */ = {
			isa = XCConfigurationList;
			buildConfigurations = (
				530047EF2A6E1B0300461F82 /* Debug */,
				530047F02A6E1B0300461F82 /* Release */,
			);
			defaultConfigurationIsVisible = 0;
			defaultConfigurationName = Release;
		};
		530047F12A6E1B0300461F82 /* Build configuration list for PBXNativeTarget "MoviesAppTests" */ = {
			isa = XCConfigurationList;
			buildConfigurations = (
				530047F22A6E1B0300461F82 /* Debug */,
				530047F32A6E1B0300461F82 /* Release */,
			);
			defaultConfigurationIsVisible = 0;
			defaultConfigurationName = Release;
		};
		530047F42A6E1B0300461F82 /* Build configuration list for PBXNativeTarget "MoviesAppUITests" */ = {
			isa = XCConfigurationList;
			buildConfigurations = (
				530047F52A6E1B0300461F82 /* Debug */,
				530047F62A6E1B0300461F82 /* Release */,
			);
			defaultConfigurationIsVisible = 0;
			defaultConfigurationName = Release;
		};
/* End XCConfigurationList section */
	};
	rootObject = 530047BC2A6E1B0100461F82 /* Project object */;
}
